
Microsoft Visual Studio Solution File, Format Version 12.00
# Visual Studio Version 17
VisualStudioVersion = 17.4.33205.214
MinimumVisualStudioVersion = 10.0.40219.1
Project("{FAE04EC0-301F-11D3-BF4B-00C04F79EFBC}") = "Start", "Start\Start.csproj", "{BC4B5310-1D88-46D4-B4B9-601278B3975A}"
EndProject
Global
	GlobalSection(SolutionConfigurationPlatforms) = preSolution
		Debug|Any CPU = Debug|Any CPU
		Release|Any CPU = Release|Any CPU
	EndGlobalSection
	GlobalSection(ProjectConfigurationPlatforms) = postSolution
		{BC4B5310-1D88-46D4-B4B9-601278B3975A}.Debug|Any CPU.ActiveCfg = Debug|Any CPU
		{BC4B5310-1D88-46D4-B4B9-601278B3975A}.Debug|Any CPU.Build.0 = Debug|Any CPU
		{BC4B5310-1D88-46D4-B4B9-601278B3975A}.Release|Any CPU.ActiveCfg = Release|Any CPU
		{BC4B5310-1D88-46D4-B4B9-601278B3975A}.Release|Any CPU.Build.0 = Release|Any CPU
	EndGlobalSection
	GlobalSection(SolutionProperties) = preSolution
		HideSolutionNode = FALSE
	EndGlobalSection
	GlobalSection(ExtensibilityGlobals) = postSolution
		SolutionGuid = {027B061D-04EF-493D-A604-F51A6815A382}
	EndGlobalSection
EndGlobal
